
Microsoft Visual Studio Solution File, Format Version 11.00
# Visual Studio 2010
Project("{FAE04EC0-301F-11D3-BF4B-00C04F79EFBC}") = "CodeRoad", "Assembly-CSharp-firstpass.csproj", "{534E6D23-CA24-758E-4E71-77D4A48999E7}"
EndProject
Project("{FAE04EC0-301F-11D3-BF4B-00C04F79EFBC}") = "CodeRoad", "Assembly-CSharp.csproj", "{5F83EE6F-8A66-7CBB-1312-B4C02C2DB7BA}"
EndProject
Project("{FAE04EC0-301F-11D3-BF4B-00C04F79EFBC}") = "CodeRoad", "Assembly-CSharp-Editor.csproj", "{288B8200-97AF-1080-F096-2DAA09CEE09E}"
EndProject
Global
	GlobalSection(SolutionConfigurationPlatforms) = preSolution
		Debug|Any CPU = Debug|Any CPU
		Release|Any CPU = Release|Any CPU
	EndGlobalSection
	GlobalSection(ProjectConfigurationPlatforms) = postSolution
		{534E6D23-CA24-758E-4E71-77D4A48999E7}.Debug|Any CPU.ActiveCfg = Debug|Any CPU
		{534E6D23-CA24-758E-4E71-77D4A48999E7}.Debug|Any CPU.Build.0 = Debug|Any CPU
		{534E6D23-CA24-758E-4E71-77D4A48999E7}.Release|Any CPU.ActiveCfg = Release|Any CPU
		{534E6D23-CA24-758E-4E71-77D4A48999E7}.Release|Any CPU.Build.0 = Release|Any CPU
		{5F83EE6F-8A66-7CBB-1312-B4C02C2DB7BA}.Debug|Any CPU.ActiveCfg = Debug|Any CPU
		{5F83EE6F-8A66-7CBB-1312-B4C02C2DB7BA}.Debug|Any CPU.Build.0 = Debug|Any CPU
		{5F83EE6F-8A66-7CBB-1312-B4C02C2DB7BA}.Release|Any CPU.ActiveCfg = Release|Any CPU
		{5F83EE6F-8A66-7CBB-1312-B4C02C2DB7BA}.Release|Any CPU.Build.0 = Release|Any CPU
		{288B8200-97AF-1080-F096-2DAA09CEE09E}.Debug|Any CPU.ActiveCfg = Debug|Any CPU
		{288B8200-97AF-1080-F096-2DAA09CEE09E}.Debug|Any CPU.Build.0 = Debug|Any CPU
		{288B8200-97AF-1080-F096-2DAA09CEE09E}.Release|Any CPU.ActiveCfg = Release|Any CPU
		{288B8200-97AF-1080-F096-2DAA09CEE09E}.Release|Any CPU.Build.0 = Release|Any CPU
	EndGlobalSection
	GlobalSection(SolutionProperties) = preSolution
		HideSolutionNode = FALSE
	EndGlobalSection
	GlobalSection(MonoDevelopProperties) = preSolution
		StartupItem = Assembly-CSharp.csproj
	EndGlobalSection
EndGlobal
